// !$*UTF8*$!
{
	archiveVersion = 1;
	classes = {
	};
	objectVersion = 50;
	objects = {

/* Begin PBXBuildFile section */
		2AC418FA68B1A1D17A3D42B5 /* libPods-TTSocialModuleDemo.a in Frameworks */ = {isa = PBXBuildFile; fileRef = 13005317F8136F544B4D49C6 /* libPods-TTSocialModuleDemo.a */; };
		5E15B1475503BD597902E65E /* libPods-TTSocialModuleDemoTests.a in Frameworks */ = {isa = PBXBuildFile; fileRef = DC90F726D18693F96A7043A0 /* libPods-TTSocialModuleDemoTests.a */; };
		9F707164228AB5BE0014F132 /* AppDelegate.m in Sources */ = {isa = PBXBuildFile; fileRef = 9F707163228AB5BE0014F132 /* AppDelegate.m */; };
		9F707167228AB5BE0014F132 /* ViewController.m in Sources */ = {isa = PBXBuildFile; fileRef = 9F707166228AB5BE0014F132 /* ViewController.m */; };
		9F70716A228AB5BE0014F132 /* Main.storyboard in Resources */ = {isa = PBXBuildFile; fileRef = 9F707168228AB5BE0014F132 /* Main.storyboard */; };
		9F70716C228AB5BF0014F132 /* Assets.xcassets in Resources */ = {isa = PBXBuildFile; fileRef = 9F70716B228AB5BF0014F132 /* Assets.xcassets */; };
		9F70716F228AB5BF0014F132 /* LaunchScreen.storyboard in Resources */ = {isa = PBXBuildFile; fileRef = 9F70716D228AB5BF0014F132 /* LaunchScreen.storyboard */; };
		9F707172228AB5BF0014F132 /* main.m in Sources */ = {isa = PBXBuildFile; fileRef = 9F707171228AB5BF0014F132 /* main.m */; };
		9F70717C228AB5BF0014F132 /* TTSocialModuleDemoTests.m in Sources */ = {isa = PBXBuildFile; fileRef = 9F70717B228AB5BF0014F132 /* TTSocialModuleDemoTests.m */; };
/* End PBXBuildFile section */

/* Begin PBXContainerItemProxy section */
		9F707178228AB5BF0014F132 /* PBXContainerItemProxy */ = {
			isa = PBXContainerItemProxy;
			containerPortal = 9F707157228AB5BE0014F132 /* Project object */;
			proxyType = 1;
			remoteGlobalIDString = 9F70715E228AB5BE0014F132;
			remoteInfo = TTSocialModuleDemo;
		};
/* End PBXContainerItemProxy section */

/* Begin PBXFileReference section */
		092B9E2B5CA8DB9496EB5D2D /* Pods-TTSocialModuleDemoTests.debug.xcconfig */ = {isa = PBXFileReference; includeInIndex = 1; lastKnownFileType = text.xcconfig; name = "Pods-TTSocialModuleDemoTests.debug.xcconfig"; path = "Pods/Target Support Files/Pods-TTSocialModuleDemoTests/Pods-TTSocialModuleDemoTests.debug.xcconfig"; sourceTree = "<group>"; };
		13005317F8136F544B4D49C6 /* libPods-TTSocialModuleDemo.a */ = {isa = PBXFileReference; explicitFileType = archive.ar; includeInIndex = 0; path = "libPods-TTSocialModuleDemo.a"; sourceTree = BUILT_PRODUCTS_DIR; };
		7E52A04636420E5A361AA2F0 /* Pods-TTSocialModuleDemoTests.release.xcconfig */ = {isa = PBXFileReference; includeInIndex = 1; lastKnownFileType = text.xcconfig; name = "Pods-TTSocialModuleDemoTests.release.xcconfig"; path = "Pods/Target Support Files/Pods-TTSocialModuleDemoTests/Pods-TTSocialModuleDemoTests.release.xcconfig"; sourceTree = "<group>"; };
		9D621B0A3384E1F9CA6849C2 /* Pods-TTSocialModuleDemo.debug.xcconfig */ = {isa = PBXFileReference; includeInIndex = 1; lastKnownFileType = text.xcconfig; name = "Pods-TTSocialModuleDemo.debug.xcconfig"; path = "Pods/Target Support Files/Pods-TTSocialModuleDemo/Pods-TTSocialModuleDemo.debug.xcconfig"; sourceTree = "<group>"; };
		9F70715F228AB5BE0014F132 /* TTSocialModuleDemo.app */ = {isa = PBXFileReference; explicitFileType = wrapper.application; includeInIndex = 0; path = TTSocialModuleDemo.app; sourceTree = BUILT_PRODUCTS_DIR; };
		9F707162228AB5BE0014F132 /* AppDelegate.h */ = {isa = PBXFileReference; lastKnownFileType = sourcecode.c.h; path = AppDelegate.h; sourceTree = "<group>"; };
		9F707163228AB5BE0014F132 /* AppDelegate.m */ = {isa = PBXFileReference; lastKnownFileType = sourcecode.c.objc; path = AppDelegate.m; sourceTree = "<group>"; };
		9F707165228AB5BE0014F132 /* ViewController.h */ = {isa = PBXFileReference; lastKnownFileType = sourcecode.c.h; path = ViewController.h; sourceTree = "<group>"; };
		9F707166228AB5BE0014F132 /* ViewController.m */ = {isa = PBXFileReference; lastKnownFileType = sourcecode.c.objc; path = ViewController.m; sourceTree = "<group>"; };
		9F707169228AB5BE0014F132 /* Base */ = {isa = PBXFileReference; lastKnownFileType = file.storyboard; name = Base; path = Base.lproj/Main.storyboard; sourceTree = "<group>"; };
		9F70716B228AB5BF0014F132 /* Assets.xcassets */ = {isa = PBXFileReference; lastKnownFileType = folder.assetcatalog; path = Assets.xcassets; sourceTree = "<group>"; };
		9F70716E228AB5BF0014F132 /* Base */ = {isa = PBXFileReference; lastKnownFileType = file.storyboard; name = Base; path = Base.lproj/LaunchScreen.storyboard; sourceTree = "<group>"; };
		9F707170228AB5BF0014F132 /* Info.plist */ = {isa = PBXFileReference; lastKnownFileType = text.plist.xml; path = Info.plist; sourceTree = "<group>"; };
		9F707171228AB5BF0014F132 /* main.m */ = {isa = PBXFileReference; lastKnownFileType = sourcecode.c.objc; path = main.m; sourceTree = "<group>"; };
		9F707177228AB5BF0014F132 /* TTSocialModuleDemoTests.xctest */ = {isa = PBXFileReference; explicitFileType = wrapper.cfbundle; includeInIndex = 0; path = TTSocialModuleDemoTests.xctest; sourceTree = BUILT_PRODUCTS_DIR; };
		9F70717B228AB5BF0014F132 /* TTSocialModuleDemoTests.m */ = {isa = PBXFileReference; lastKnownFileType = sourcecode.c.objc; path = TTSocialModuleDemoTests.m; sourceTree = "<group>"; };
		9F70717D228AB5BF0014F132 /* Info.plist */ = {isa = PBXFileReference; lastKnownFileType = text.plist.xml; path = Info.plist; sourceTree = "<group>"; };
		DC90F726D18693F96A7043A0 /* libPods-TTSocialModuleDemoTests.a */ = {isa = PBXFileReference; explicitFileType = archive.ar; includeInIndex = 0; path = "libPods-TTSocialModuleDemoTests.a"; sourceTree = BUILT_PRODUCTS_DIR; };
		E94FA88B31DDCF6E463E9625 /* Pods-TTSocialModuleDemo.release.xcconfig */ = {isa = PBXFileReference; includeInIndex = 1; lastKnownFileType = text.xcconfig; name = "Pods-TTSocialModuleDemo.release.xcconfig"; path = "Pods/Target Support Files/Pods-TTSocialModuleDemo/Pods-TTSocialModuleDemo.release.xcconfig"; sourceTree = "<group>"; };
/* End PBXFileReference section */

/* Begin PBXFrameworksBuildPhase section */
		9F70715C228AB5BE0014F132 /* Frameworks */ = {
			isa = PBXFrameworksBuildPhase;
			buildActionMask = 2147483647;
			files = (
				2AC418FA68B1A1D17A3D42B5 /* libPods-TTSocialModuleDemo.a in Frameworks */,
			);
			runOnlyForDeploymentPostprocessing = 0;
		};
		9F707174228AB5BF0014F132 /* Frameworks */ = {
			isa = PBXFrameworksBuildPhase;
			buildActionMask = 2147483647;
			files = (
				5E15B1475503BD597902E65E /* libPods-TTSocialModuleDemoTests.a in Frameworks */,
			);
			runOnlyForDeploymentPostprocessing = 0;
		};
/* End PBXFrameworksBuildPhase section */

/* Begin PBXGroup section */
		478BB8F09E04E15FF739FD7A /* Frameworks */ = {
			isa = PBXGroup;
			children = (
				13005317F8136F544B4D49C6 /* libPods-TTSocialModuleDemo.a */,
				DC90F726D18693F96A7043A0 /* libPods-TTSocialModuleDemoTests.a */,
			);
			name = Frameworks;
			sourceTree = "<group>";
		};
		9F707156228AB5BE0014F132 = {
			isa = PBXGroup;
			children = (
				9F707161228AB5BE0014F132 /* TTSocialModuleDemo */,
				9F70717A228AB5BF0014F132 /* TTSocialModuleDemoTests */,
				9F707160228AB5BE0014F132 /* Products */,
				AD7259CD937D1DCBE0B9F835 /* Pods */,
				478BB8F09E04E15FF739FD7A /* Frameworks */,
			);
			sourceTree = "<group>";
		};
		9F707160228AB5BE0014F132 /* Products */ = {
			isa = PBXGroup;
			children = (
				9F70715F228AB5BE0014F132 /* TTSocialModuleDemo.app */,
				9F707177228AB5BF0014F132 /* TTSocialModuleDemoTests.xctest */,
			);
			name = Products;
			sourceTree = "<group>";
		};
		9F707161228AB5BE0014F132 /* TTSocialModuleDemo */ = {
			isa = PBXGroup;
			children = (
				9F707162228AB5BE0014F132 /* AppDelegate.h */,
				9F707163228AB5BE0014F132 /* AppDelegate.m */,
				9F707165228AB5BE0014F132 /* ViewController.h */,
				9F707166228AB5BE0014F132 /* ViewController.m */,
				9F707168228AB5BE0014F132 /* Main.storyboard */,
				9F70716B228AB5BF0014F132 /* Assets.xcassets */,
				9F70716D228AB5BF0014F132 /* LaunchScreen.storyboard */,
				9F707170228AB5BF0014F132 /* Info.plist */,
				9F707171228AB5BF0014F132 /* main.m */,
			);
			path = TTSocialModuleDemo;
			sourceTree = "<group>";
		};
		9F70717A228AB5BF0014F132 /* TTSocialModuleDemoTests */ = {
			isa = PBXGroup;
			children = (
				9F70717B228AB5BF0014F132 /* TTSocialModuleDemoTests.m */,
				9F70717D228AB5BF0014F132 /* Info.plist */,
			);
			path = TTSocialModuleDemoTests;
			sourceTree = "<group>";
		};
		AD7259CD937D1DCBE0B9F835 /* Pods */ = {
			isa = PBXGroup;
			children = (
				9D621B0A3384E1F9CA6849C2 /* Pods-TTSocialModuleDemo.debug.xcconfig */,
				E94FA88B31DDCF6E463E9625 /* Pods-TTSocialModuleDemo.release.xcconfig */,
				092B9E2B5CA8DB9496EB5D2D /* Pods-TTSocialModuleDemoTests.debug.xcconfig */,
				7E52A04636420E5A361AA2F0 /* Pods-TTSocialModuleDemoTests.release.xcconfig */,
			);
			name = Pods;
			sourceTree = "<group>";
		};
/* End PBXGroup section */

/* Begin PBXNativeTarget section */
		9F70715E228AB5BE0014F132 /* TTSocialModuleDemo */ = {
			isa = PBXNativeTarget;
			buildConfigurationList = 9F707180228AB5BF0014F132 /* Build configuration list for PBXNativeTarget "TTSocialModuleDemo" */;
			buildPhases = (
				4192035E69511C68D961A5B3 /* [CP] Check Pods Manifest.lock */,
				9F70715B228AB5BE0014F132 /* Sources */,
				9F70715C228AB5BE0014F132 /* Frameworks */,
				9F70715D228AB5BE0014F132 /* Resources */,
				D420030F35F79BC13D72A223 /* [CP] Copy Pods Resources */,
			);
			buildRules = (
			);
			dependencies = (
			);
			name = TTSocialModuleDemo;
			productName = TTSocialModuleDemo;
			productReference = 9F70715F228AB5BE0014F132 /* TTSocialModuleDemo.app */;
			productType = "com.apple.product-type.application";
		};
		9F707176228AB5BF0014F132 /* TTSocialModuleDemoTests */ = {
			isa = PBXNativeTarget;
			buildConfigurationList = 9F707183228AB5BF0014F132 /* Build configuration list for PBXNativeTarget "TTSocialModuleDemoTests" */;
			buildPhases = (
				5F883C8638B9E91B5685E984 /* [CP] Check Pods Manifest.lock */,
				9F707173228AB5BF0014F132 /* Sources */,
				9F707174228AB5BF0014F132 /* Frameworks */,
				9F707175228AB5BF0014F132 /* Resources */,
			);
			buildRules = (
			);
			dependencies = (
				9F707179228AB5BF0014F132 /* PBXTargetDependency */,
			);
			name = TTSocialModuleDemoTests;
			productName = TTSocialModuleDemoTests;
			productReference = 9F707177228AB5BF0014F132 /* TTSocialModuleDemoTests.xctest */;
			productType = "com.apple.product-type.bundle.unit-test";
		};
/* End PBXNativeTarget section */

/* Begin PBXProject section */
		9F707157228AB5BE0014F132 /* Project object */ = {
			isa = PBXProject;
			attributes = {
				LastUpgradeCheck = 1020;
				ORGANIZATIONNAME = ColaBeanLab;
				TargetAttributes = {
					9F70715E228AB5BE0014F132 = {
						CreatedOnToolsVersion = 10.2.1;
					};
					9F707176228AB5BF0014F132 = {
						CreatedOnToolsVersion = 10.2.1;
						TestTargetID = 9F70715E228AB5BE0014F132;
					};
				};
			};
			buildConfigurationList = 9F70715A228AB5BE0014F132 /* Build configuration list for PBXProject "TTSocialModuleDemo" */;
			compatibilityVersion = "Xcode 9.3";
			developmentRegion = en;
			hasScannedForEncodings = 0;
			knownRegions = (
				en,
				Base,
			);
			mainGroup = 9F707156228AB5BE0014F132;
			productRefGroup = 9F707160228AB5BE0014F132 /* Products */;
			projectDirPath = "";
			projectRoot = "";
			targets = (
				9F70715E228AB5BE0014F132 /* TTSocialModuleDemo */,
				9F707176228AB5BF0014F132 /* TTSocialModuleDemoTests */,
			);
		};
/* End PBXProject section */

/* Begin PBXResourcesBuildPhase section */
		9F70715D228AB5BE0014F132 /* Resources */ = {
			isa = PBXResourcesBuildPhase;
			buildActionMask = 2147483647;
			files = (
				9F70716F228AB5BF0014F132 /* LaunchScreen.storyboard in Resources */,
				9F70716C228AB5BF0014F132 /* Assets.xcassets in Resources */,
				9F70716A228AB5BE0014F132 /* Main.storyboard in Resources */,
			);
			runOnlyForDeploymentPostprocessing = 0;
		};
		9F707175228AB5BF0014F132 /* Resources */ = {
			isa = PBXResourcesBuildPhase;
			buildActionMask = 2147483647;
			files = (
			);
			runOnlyForDeploymentPostprocessing = 0;
		};
/* End PBXResourcesBuildPhase section */

/* Begin PBXShellScriptBuildPhase section */
		4192035E69511C68D961A5B3 /* [CP] Check Pods Manifest.lock */ = {
			isa = PBXShellScriptBuildPhase;
			buildActionMask = 2147483647;
			files = (
			);
			inputPaths = (
				"${PODS_PODFILE_DIR_PATH}/Podfile.lock",
				"${PODS_ROOT}/Manifest.lock",
			);
			name = "[CP] Check Pods Manifest.lock";
			outputPaths = (
				"$(DERIVED_FILE_DIR)/Pods-TTSocialModuleDemo-checkManifestLockResult.txt",
			);
			runOnlyForDeploymentPostprocessing = 0;
			shellPath = /bin/sh;
			shellScript = "diff \"${PODS_PODFILE_DIR_PATH}/Podfile.lock\" \"${PODS_ROOT}/Manifest.lock\" > /dev/null\nif [ $? != 0 ] ; then\n    # print error to STDERR\n    echo \"error: The sandbox is not in sync with the Podfile.lock. Run 'pod install' or update your CocoaPods installation.\" >&2\n    exit 1\nfi\n# This output is used by Xcode 'outputs' to avoid re-running this script phase.\necho \"SUCCESS\" > \"${SCRIPT_OUTPUT_FILE_0}\"\n";
			showEnvVarsInLog = 0;
		};
		5F883C8638B9E91B5685E984 /* [CP] Check Pods Manifest.lock */ = {
			isa = PBXShellScriptBuildPhase;
			buildActionMask = 2147483647;
			files = (
			);
			inputPaths = (
				"${PODS_PODFILE_DIR_PATH}/Podfile.lock",
				"${PODS_ROOT}/Manifest.lock",
			);
			name = "[CP] Check Pods Manifest.lock";
			outputPaths = (
				"$(DERIVED_FILE_DIR)/Pods-TTSocialModuleDemoTests-checkManifestLockResult.txt",
			);
			runOnlyForDeploymentPostprocessing = 0;
			shellPath = /bin/sh;
			shellScript = "diff \"${PODS_PODFILE_DIR_PATH}/Podfile.lock\" \"${PODS_ROOT}/Manifest.lock\" > /dev/null\nif [ $? != 0 ] ; then\n    # print error to STDERR\n    echo \"error: The sandbox is not in sync with the Podfile.lock. Run 'pod install' or update your CocoaPods installation.\" >&2\n    exit 1\nfi\n# This output is used by Xcode 'outputs' to avoid re-running this script phase.\necho \"SUCCESS\" > \"${SCRIPT_OUTPUT_FILE_0}\"\n";
			showEnvVarsInLog = 0;
		};
		D420030F35F79BC13D72A223 /* [CP] Copy Pods Resources */ = {
			isa = PBXShellScriptBuildPhase;
			buildActionMask = 2147483647;
			files = (
			);
			inputPaths = (
				"${SRCROOT}/Pods/Target Support Files/Pods-TTSocialModuleDemo/Pods-TTSocialModuleDemo-resources.sh",
				"${PODS_ROOT}/Weibo_SDK/libWeiboSDK/WeiboSDK.bundle",
			);
			name = "[CP] Copy Pods Resources";
			outputPaths = (
				"${TARGET_BUILD_DIR}/${UNLOCALIZED_RESOURCES_FOLDER_PATH}/WeiboSDK.bundle",
			);
			runOnlyForDeploymentPostprocessing = 0;
			shellPath = /bin/sh;
			shellScript = "\"${SRCROOT}/Pods/Target Support Files/Pods-TTSocialModuleDemo/Pods-TTSocialModuleDemo-resources.sh\"\n";
			showEnvVarsInLog = 0;
		};
/* End PBXShellScriptBuildPhase section */

/* Begin PBXSourcesBuildPhase section */
		9F70715B228AB5BE0014F132 /* Sources */ = {
			isa = PBXSourcesBuildPhase;
			buildActionMask = 2147483647;
			files = (
				9F707167228AB5BE0014F132 /* ViewController.m in Sources */,
				9F707172228AB5BF0014F132 /* main.m in Sources */,
				9F707164228AB5BE0014F132 /* AppDelegate.m in Sources */,
			);
			runOnlyForDeploymentPostprocessing = 0;
		};
		9F707173228AB5BF0014F132 /* Sources */ = {
			isa = PBXSourcesBuildPhase;
			buildActionMask = 2147483647;
			files = (
				9F70717C228AB5BF0014F132 /* TTSocialModuleDemoTests.m in Sources */,
			);
			runOnlyForDeploymentPostprocessing = 0;
		};
/* End PBXSourcesBuildPhase section */

/* Begin PBXTargetDependency section */
		9F707179228AB5BF0014F132 /* PBXTargetDependency */ = {
			isa = PBXTargetDependency;
			target = 9F70715E228AB5BE0014F132 /* TTSocialModuleDemo */;
			targetProxy = 9F707178228AB5BF0014F132 /* PBXContainerItemProxy */;
		};
/* End PBXTargetDependency section */

/* Begin PBXVariantGroup section */
		9F707168228AB5BE0014F132 /* Main.storyboard */ = {
			isa = PBXVariantGroup;
			children = (
				9F707169228AB5BE0014F132 /* Base */,
			);
			name = Main.storyboard;
			sourceTree = "<group>";
		};
		9F70716D228AB5BF0014F132 /* LaunchScreen.storyboard */ = {
			isa = PBXVariantGroup;
			children = (
				9F70716E228AB5BF0014F132 /* Base */,
			);
			name = LaunchScreen.storyboard;
			sourceTree = "<group>";
		};
/* End PBXVariantGroup section */

/* Begin XCBuildConfiguration section */
		9F70717E228AB5BF0014F132 /* Debug */ = {
			isa = XCBuildConfiguration;
			buildSettings = {
				ALWAYS_SEARCH_USER_PATHS = NO;
				CLANG_ANALYZER_NONNULL = YES;
				CLANG_ANALYZER_NUMBER_OBJECT_CONVERSION = YES_AGGRESSIVE;
				CLANG_CXX_LANGUAGE_STANDARD = "gnu++14";
				CLANG_CXX_LIBRARY = "libc++";
				CLANG_ENABLE_MODULES = YES;
				CLANG_ENABLE_OBJC_ARC = YES;
				CLANG_ENABLE_OBJC_WEAK = YES;
				CLANG_WARN_BLOCK_CAPTURE_AUTORELEASING = YES;
				CLANG_WARN_BOOL_CONVERSION = YES;
				CLANG_WARN_COMMA = YES;
				CLANG_WARN_CONSTANT_CONVERSION = YES;
				CLANG_WARN_DEPRECATED_OBJC_IMPLEMENTATIONS = YES;
				CLANG_WARN_DIRECT_OBJC_ISA_USAGE = YES_ERROR;
				CLANG_WARN_DOCUMENTATION_COMMENTS = YES;
				CLANG_WARN_EMPTY_BODY = YES;
				CLANG_WARN_ENUM_CONVERSION = YES;
				CLANG_WARN_INFINITE_RECURSION = YES;
				CLANG_WARN_INT_CONVERSION = YES;
				CLANG_WARN_NON_LITERAL_NULL_CONVERSION = YES;
				CLANG_WARN_OBJC_IMPLICIT_RETAIN_SELF = YES;
				CLANG_WARN_OBJC_LITERAL_CONVERSION = YES;
				CLANG_WARN_OBJC_ROOT_CLASS = YES_ERROR;
				CLANG_WARN_RANGE_LOOP_ANALYSIS = YES;
				CLANG_WARN_STRICT_PROTOTYPES = YES;
				CLANG_WARN_SUSPICIOUS_MOVE = YES;
				CLANG_WARN_UNGUARDED_AVAILABILITY = YES_AGGRESSIVE;
				CLANG_WARN_UNREACHABLE_CODE = YES;
				CLANG_WARN__DUPLICATE_METHOD_MATCH = YES;
				CODE_SIGN_IDENTITY = "iPhone Developer";
				COPY_PHASE_STRIP = NO;
				DEBUG_INFORMATION_FORMAT = dwarf;
				ENABLE_STRICT_OBJC_MSGSEND = YES;
				ENABLE_TESTABILITY = YES;
				GCC_C_LANGUAGE_STANDARD = gnu11;
				GCC_DYNAMIC_NO_PIC = NO;
				GCC_NO_COMMON_BLOCKS = YES;
				GCC_OPTIMIZATION_LEVEL = 0;
				GCC_PREPROCESSOR_DEFINITIONS = (
					"DEBUG=1",
					"$(inherited)",
				);
				GCC_WARN_64_TO_32_BIT_CONVERSION = YES;
				GCC_WARN_ABOUT_RETURN_TYPE = YES_ERROR;
				GCC_WARN_UNDECLARED_SELECTOR = YES;
				GCC_WARN_UNINITIALIZED_AUTOS = YES_AGGRESSIVE;
				GCC_WARN_UNUSED_FUNCTION = YES;
				GCC_WARN_UNUSED_VARIABLE = YES;
				IPHONEOS_DEPLOYMENT_TARGET = 12.2;
				MTL_ENABLE_DEBUG_INFO = INCLUDE_SOURCE;
				MTL_FAST_MATH = YES;
				ONLY_ACTIVE_ARCH = YES;
				SDKROOT = iphoneos;
			};
			name = Debug;
		};
		9F70717F228AB5BF0014F132 /* Release */ = {
			isa = XCBuildConfiguration;
			buildSettings = {
				ALWAYS_SEARCH_USER_PATHS = NO;
				CLANG_ANALYZER_NONNULL = YES;
				CLANG_ANALYZER_NUMBER_OBJECT_CONVERSION = YES_AGGRESSIVE;
				CLANG_CXX_LANGUAGE_STANDARD = "gnu++14";
				CLANG_CXX_LIBRARY = "libc++";
				CLANG_ENABLE_MODULES = YES;
				CLANG_ENABLE_OBJC_ARC = YES;
				CLANG_ENABLE_OBJC_WEAK = YES;
				CLANG_WARN_BLOCK_CAPTURE_AUTORELEASING = YES;
				CLANG_WARN_BOOL_CONVERSION = YES;
				CLANG_WARN_COMMA = YES;
				CLANG_WARN_CONSTANT_CONVERSION = YES;
				CLANG_WARN_DEPRECATED_OBJC_IMPLEMENTATIONS = YES;
				CLANG_WARN_DIRECT_OBJC_ISA_USAGE = YES_ERROR;
				CLANG_WARN_DOCUMENTATION_COMMENTS = YES;
				CLANG_WARN_EMPTY_BODY = YES;
				CLANG_WARN_ENUM_CONVERSION = YES;
				CLANG_WARN_INFINITE_RECURSION = YES;
				CLANG_WARN_INT_CONVERSION = YES;
				CLANG_WARN_NON_LITERAL_NULL_CONVERSION = YES;
				CLANG_WARN_OBJC_IMPLICIT_RETAIN_SELF = YES;
				CLANG_WARN_OBJC_LITERAL_CONVERSION = YES;
				CLANG_WARN_OBJC_ROOT_CLASS = YES_ERROR;
				CLANG_WARN_RANGE_LOOP_ANALYSIS = YES;
				CLANG_WARN_STRICT_PROTOTYPES = YES;
				CLANG_WARN_SUSPICIOUS_MOVE = YES;
				CLANG_WARN_UNGUARDED_AVAILABILITY = YES_AGGRESSIVE;
				CLANG_WARN_UNREACHABLE_CODE = YES;
				CLANG_WARN__DUPLICATE_METHOD_MATCH = YES;
				CODE_SIGN_IDENTITY = "iPhone Developer";
				COPY_PHASE_STRIP = NO;
				DEBUG_INFORMATION_FORMAT = "dwarf-with-dsym";
				ENABLE_NS_ASSERTIONS = NO;
				ENABLE_STRICT_OBJC_MSGSEND = YES;
				GCC_C_LANGUAGE_STANDARD = gnu11;
				GCC_NO_COMMON_BLOCKS = YES;
				GCC_WARN_64_TO_32_BIT_CONVERSION = YES;
				GCC_WARN_ABOUT_RETURN_TYPE = YES_ERROR;
				GCC_WARN_UNDECLARED_SELECTOR = YES;
				GCC_WARN_UNINITIALIZED_AUTOS = YES_AGGRESSIVE;
				GCC_WARN_UNUSED_FUNCTION = YES;
				GCC_WARN_UNUSED_VARIABLE = YES;
				IPHONEOS_DEPLOYMENT_TARGET = 12.2;
				MTL_ENABLE_DEBUG_INFO = NO;
				MTL_FAST_MATH = YES;
				SDKROOT = iphoneos;
				VALIDATE_PRODUCT = YES;
			};
			name = Release;
		};
		9F707181228AB5BF0014F132 /* Debug */ = {
			isa = XCBuildConfiguration;
			baseConfigurationReference = 9D621B0A3384E1F9CA6849C2 /* Pods-TTSocialModuleDemo.debug.xcconfig */;
			buildSettings = {
				ASSETCATALOG_COMPILER_APPICON_NAME = AppIcon;
				CODE_SIGN_IDENTITY = "iPhone Developer";
				CODE_SIGN_STYLE = Automatic;
				DEVELOPMENT_TEAM = UA3TY6H7X2;
				INFOPLIST_FILE = TTSocialModuleDemo/Info.plist;
				IPHONEOS_DEPLOYMENT_TARGET = 9.0;
				LD_RUNPATH_SEARCH_PATHS = (
					"$(inherited)",
					"@executable_path/Frameworks",
				);
				PRODUCT_BUNDLE_IDENTIFIER = com.colabean.test;
				PRODUCT_NAME = "$(TARGET_NAME)";
				PROVISIONING_PROFILE_SPECIFIER = "";
				TARGETED_DEVICE_FAMILY = "1,2";
			};
			name = Debug;
		};
		9F707182228AB5BF0014F132 /* Release */ = {
			isa = XCBuildConfiguration;
			baseConfigurationReference = E94FA88B31DDCF6E463E9625 /* Pods-TTSocialModuleDemo.release.xcconfig */;
			buildSettings = {
				ASSETCATALOG_COMPILER_APPICON_NAME = AppIcon;
				CODE_SIGN_IDENTITY = "iPhone Developer";
				CODE_SIGN_STYLE = Automatic;
				DEVELOPMENT_TEAM = UA3TY6H7X2;
				INFOPLIST_FILE = TTSocialModuleDemo/Info.plist;
				IPHONEOS_DEPLOYMENT_TARGET = 9.0;
				LD_RUNPATH_SEARCH_PATHS = (
					"$(inherited)",
					"@executable_path/Frameworks",
				);
				PRODUCT_BUNDLE_IDENTIFIER = com.colabean.test;
				PRODUCT_NAME = "$(TARGET_NAME)";
				PROVISIONING_PROFILE_SPECIFIER = "";
				TARGETED_DEVICE_FAMILY = "1,2";
			};
			name = Release;
		};
		9F707184228AB5BF0014F132 /* Debug */ = {
			isa = XCBuildConfiguration;
			baseConfigurationReference = 092B9E2B5CA8DB9496EB5D2D /* Pods-TTSocialModuleDemoTests.debug.xcconfig */;
			buildSettings = {
				BUNDLE_LOADER = "$(TEST_HOST)";
				CODE_SIGN_STYLE = Automatic;
				DEVELOPMENT_TEAM = UA3TY6H7X2;
				INFOPLIST_FILE = TTSocialModuleDemoTests/Info.plist;
				LD_RUNPATH_SEARCH_PATHS = (
					"$(inherited)",
					"@executable_path/Frameworks",
					"@loader_path/Frameworks",
				);
				PRODUCT_BUNDLE_IDENTIFIER = com.colabean.test.TTSocialModuleDemoTests;
				PRODUCT_NAME = "$(TARGET_NAME)";
				TARGETED_DEVICE_FAMILY = "1,2";
				TEST_HOST = "$(BUILT_PRODUCTS_DIR)/TTSocialModuleDemo.app/TTSocialModuleDemo";
			};
			name = Debug;
		};
		9F707185228AB5BF0014F132 /* Release */ = {
			isa = XCBuildConfiguration;
			baseConfigurationReference = 7E52A04636420E5A361AA2F0 /* Pods-TTSocialModuleDemoTests.release.xcconfig */;
			buildSettings = {
				BUNDLE_LOADER = "$(TEST_HOST)";
				CODE_SIGN_STYLE = Automatic;
				DEVELOPMENT_TEAM = UA3TY6H7X2;
				INFOPLIST_FILE = TTSocialModuleDemoTests/Info.plist;
				LD_RUNPATH_SEARCH_PATHS = (
					"$(inherited)",
					"@executable_path/Frameworks",
					"@loader_path/Frameworks",
				);
				PRODUCT_BUNDLE_IDENTIFIER = com.colabean.test.TTSocialModuleDemoTests;
				PRODUCT_NAME = "$(TARGET_NAME)";
				TARGETED_DEVICE_FAMILY = "1,2";
				TEST_HOST = "$(BUILT_PRODUCTS_DIR)/TTSocialModuleDemo.app/TTSocialModuleDemo";
			};
			name = Release;
		};
/* End XCBuildConfiguration section */

/* Begin XCConfigurationList section */
		9F70715A228AB5BE0014F132 /* Build configuration list for PBXProject "TTSocialModuleDemo" */ = {
			isa = XCConfigurationList;
			buildConfigurations = (
				9F70717E228AB5BF0014F132 /* Debug */,
				9F70717F228AB5BF0014F132 /* Release */,
			);
			defaultConfigurationIsVisible = 0;
			defaultConfigurationName = Release;
		};
		9F707180228AB5BF0014F132 /* Build configuration list for PBXNativeTarget "TTSocialModuleDemo" */ = {
			isa = XCConfigurationList;
			buildConfigurations = (
				9F707181228AB5BF0014F132 /* Debug */,
				9F707182228AB5BF0014F132 /* Release */,
			);
			defaultConfigurationIsVisible = 0;
			defaultConfigurationName = Release;
		};
		9F707183228AB5BF0014F132 /* Build configuration list for PBXNativeTarget "TTSocialModuleDemoTests" */ = {
			isa = XCConfigurationList;
			buildConfigurations = (
				9F707184228AB5BF0014F132 /* Debug */,
				9F707185228AB5BF0014F132 /* Release */,
			);
			defaultConfigurationIsVisible = 0;
			defaultConfigurationName = Release;
		};
/* End XCConfigurationList section */
	};
	rootObject = 9F707157228AB5BE0014F132 /* Project object */;
}
